
Microsoft Visual Studio Solution File, Format Version 11.00
# Visual Studio 2010
Project("{FAE04EC0-301F-11D3-BF4B-00C04F79EFBC}") = "UnityEngine.UI", "UnityEngine.UI.csproj", "{7a5431c3-2c44-d7d5-b72c-c87d830191d0}"
EndProject
Project("{FAE04EC0-301F-11D3-BF4B-00C04F79EFBC}") = "Unity.RenderPipelines.Core.Runtime", "Unity.RenderPipelines.Core.Runtime.csproj", "{b4075ef4-9e53-593f-4bce-a960501f725f}"
EndProject
Project("{FAE04EC0-301F-11D3-BF4B-00C04F79EFBC}") = "UnityEngine.TestRunner", "UnityEngine.TestRunner.csproj", "{42fabf1f-ee4d-fb5e-e7dc-67d93e02d4c1}"
EndProject
Project("{FAE04EC0-301F-11D3-BF4B-00C04F79EFBC}") = "Unity.Mathematics", "Unity.Mathematics.csproj", "{9394c818-c5d1-e9df-a811-74a9f87fd8da}"
EndProject
Project("{FAE04EC0-301F-11D3-BF4B-00C04F79EFBC}") = "Unity.Timeline", "Unity.Timeline.csproj", "{0a6f7b01-1516-bc2a-e002-a9c94129a7e6}"
EndProject
Project("{FAE04EC0-301F-11D3-BF4B-00C04F79EFBC}") = "Unity.RenderPipelines.Universal.Runtime", "Unity.RenderPipelines.Universal.Runtime.csproj", "{acdd5c2e-a332-09d3-502b-3298c5e0d776}"
EndProject
Project("{FAE04EC0-301F-11D3-BF4B-00C04F79EFBC}") = "Unity.TextMeshPro", "Unity.TextMeshPro.csproj", "{2847eda6-c945-9571-e966-2d93f8228751}"
EndProject
Project("{FAE04EC0-301F-11D3-BF4B-00C04F79EFBC}") = "Assembly-CSharp", "Assembly-CSharp.csproj", "{b1994857-4851-3804-f11c-3ced7953c868}"
EndProject
Project("{FAE04EC0-301F-11D3-BF4B-00C04F79EFBC}") = "Unity.RenderPipelines.Core.ShaderLibrary", "Unity.RenderPipelines.Core.ShaderLibrary.csproj", "{9bec25a8-e3d1-6820-db13-196b1cd257cd}"
EndProject
Project("{FAE04EC0-301F-11D3-BF4B-00C04F79EFBC}") = "Unity.RenderPipelines.Universal.Shaders", "Unity.RenderPipelines.Universal.Shaders.csproj", "{04e0c51f-b01f-87cd-31df-0559e74a8482}"
EndProject
Project("{FAE04EC0-301F-11D3-BF4B-00C04F79EFBC}") = "Unity.RenderPipelines.ShaderGraph.ShaderGraphLibrary", "Unity.RenderPipelines.ShaderGraph.ShaderGraphLibrary.csproj", "{cdd18027-0738-1179-14df-9ef7c206090e}"
EndProject
Project("{FAE04EC0-301F-11D3-BF4B-00C04F79EFBC}") = "Unity.RenderPipeline.Universal.ShaderLibrary", "Unity.RenderPipeline.Universal.ShaderLibrary.csproj", "{63586ef0-f90c-4f66-beac-84e5195c2aab}"
EndProject
Project("{FAE04EC0-301F-11D3-BF4B-00C04F79EFBC}") = "UnityEditor.TestRunner", "UnityEditor.TestRunner.csproj", "{ef6e39db-0db6-efd4-8b64-506c41f3f425}"
EndProject
Project("{FAE04EC0-301F-11D3-BF4B-00C04F79EFBC}") = "Unity.PlasticSCM.Editor", "Unity.PlasticSCM.Editor.csproj", "{7e193f00-f883-0cdf-0752-441edc085c88}"
EndProject
Project("{FAE04EC0-301F-11D3-BF4B-00C04F79EFBC}") = "Unity.ShaderGraph.Editor", "Unity.ShaderGraph.Editor.csproj", "{552d98af-f633-80e2-ac60-413ca2b478e8}"
EndProject
Project("{FAE04EC0-301F-11D3-BF4B-00C04F79EFBC}") = "UnityEditor.UI", "UnityEditor.UI.csproj", "{972bfb8a-c086-2166-57c2-176a11b02d29}"
EndProject
Project("{FAE04EC0-301F-11D3-BF4B-00C04F79EFBC}") = "Unity.VisualStudio.Editor", "Unity.VisualStudio.Editor.csproj", "{3c4a483b-c065-4cfc-7e3c-2dd51e121902}"
EndProject
Project("{FAE04EC0-301F-11D3-BF4B-00C04F79EFBC}") = "Unity.Timeline.Editor", "Unity.Timeline.Editor.csproj", "{c38d8a00-a47b-cc96-ea43-45ae6838f390}"
EndProject
Project("{FAE04EC0-301F-11D3-BF4B-00C04F79EFBC}") = "Unity.Services.Core.Editor", "Unity.Services.Core.Editor.csproj", "{67f152ff-5d8f-021c-ab8f-4094ee96b85e}"
EndProject
Project("{FAE04EC0-301F-11D3-BF4B-00C04F79EFBC}") = "Unity.TextMeshPro.Editor", "Unity.TextMeshPro.Editor.csproj", "{5dcb3492-24d2-48c7-ff7d-a1de4cf47cfb}"
EndProject
Project("{FAE04EC0-301F-11D3-BF4B-00C04F79EFBC}") = "Unity.RenderPipelines.Core.Editor", "Unity.RenderPipelines.Core.Editor.csproj", "{42f35a57-577f-7afc-e806-3f75299d87fe}"
EndProject
Project("{FAE04EC0-301F-11D3-BF4B-00C04F79EFBC}") = "Unity.CollabProxy.Editor", "Unity.CollabProxy.Editor.csproj", "{28f0f621-acef-ea13-1560-44b7f6db94e1}"
EndProject
Project("{FAE04EC0-301F-11D3-BF4B-00C04F79EFBC}") = "Unity.ShaderGraph.Utilities", "Unity.ShaderGraph.Utilities.csproj", "{f3451a58-8fa5-5091-c210-c9953b62a432}"
EndProject
Project("{FAE04EC0-301F-11D3-BF4B-00C04F79EFBC}") = "Unity.RenderPipelines.Universal.Editor", "Unity.RenderPipelines.Universal.Editor.csproj", "{28426095-d86c-1821-d880-8b2870834398}"
EndProject
Project("{FAE04EC0-301F-11D3-BF4B-00C04F79EFBC}") = "Unity.Rider.Editor", "Unity.Rider.Editor.csproj", "{7b565fc4-6d69-078c-ae4b-448f6c49a701}"
EndProject
Project("{FAE04EC0-301F-11D3-BF4B-00C04F79EFBC}") = "Unity.Searcher.Editor", "Unity.Searcher.Editor.csproj", "{06de6148-4d3e-914d-985a-2986661448be}"
EndProject
Project("{FAE04EC0-301F-11D3-BF4B-00C04F79EFBC}") = "Unity.VSCode.Editor", "Unity.VSCode.Editor.csproj", "{e534766b-2a45-34e9-77dd-4887b4be46bf}"
EndProject
Project("{FAE04EC0-301F-11D3-BF4B-00C04F79EFBC}") = "Unity.Mathematics.Editor", "Unity.Mathematics.Editor.csproj", "{017d0996-5ea3-7e6f-f22a-e787926df7a5}"
EndProject
Global
	GlobalSection(SolutionConfigurationPlatforms) = preSolution
		Debug|Any CPU = Debug|Any CPU
	EndGlobalSection
	GlobalSection(ProjectConfigurationPlatforms) = postSolution
		{7a5431c3-2c44-d7d5-b72c-c87d830191d0}.Debug|Any CPU.ActiveCfg = Debug|Any CPU
		{7a5431c3-2c44-d7d5-b72c-c87d830191d0}.Debug|Any CPU.Build.0 = Debug|Any CPU
		{b4075ef4-9e53-593f-4bce-a960501f725f}.Debug|Any CPU.ActiveCfg = Debug|Any CPU
		{b4075ef4-9e53-593f-4bce-a960501f725f}.Debug|Any CPU.Build.0 = Debug|Any CPU
		{42fabf1f-ee4d-fb5e-e7dc-67d93e02d4c1}.Debug|Any CPU.ActiveCfg = Debug|Any CPU
		{42fabf1f-ee4d-fb5e-e7dc-67d93e02d4c1}.Debug|Any CPU.Build.0 = Debug|Any CPU
		{9394c818-c5d1-e9df-a811-74a9f87fd8da}.Debug|Any CPU.ActiveCfg = Debug|Any CPU
		{9394c818-c5d1-e9df-a811-74a9f87fd8da}.Debug|Any CPU.Build.0 = Debug|Any CPU
		{0a6f7b01-1516-bc2a-e002-a9c94129a7e6}.Debug|Any CPU.ActiveCfg = Debug|Any CPU
		{0a6f7b01-1516-bc2a-e002-a9c94129a7e6}.Debug|Any CPU.Build.0 = Debug|Any CPU
		{acdd5c2e-a332-09d3-502b-3298c5e0d776}.Debug|Any CPU.ActiveCfg = Debug|Any CPU
		{acdd5c2e-a332-09d3-502b-3298c5e0d776}.Debug|Any CPU.Build.0 = Debug|Any CPU
		{2847eda6-c945-9571-e966-2d93f8228751}.Debug|Any CPU.ActiveCfg = Debug|Any CPU
		{2847eda6-c945-9571-e966-2d93f8228751}.Debug|Any CPU.Build.0 = Debug|Any CPU
		{b1994857-4851-3804-f11c-3ced7953c868}.Debug|Any CPU.ActiveCfg = Debug|Any CPU
		{b1994857-4851-3804-f11c-3ced7953c868}.Debug|Any CPU.Build.0 = Debug|Any CPU
		{9bec25a8-e3d1-6820-db13-196b1cd257cd}.Debug|Any CPU.ActiveCfg = Debug|Any CPU
		{9bec25a8-e3d1-6820-db13-196b1cd257cd}.Debug|Any CPU.Build.0 = Debug|Any CPU
		{04e0c51f-b01f-87cd-31df-0559e74a8482}.Debug|Any CPU.ActiveCfg = Debug|Any CPU
		{04e0c51f-b01f-87cd-31df-0559e74a8482}.Debug|Any CPU.Build.0 = Debug|Any CPU
		{cdd18027-0738-1179-14df-9ef7c206090e}.Debug|Any CPU.ActiveCfg = Debug|Any CPU
		{cdd18027-0738-1179-14df-9ef7c206090e}.Debug|Any CPU.Build.0 = Debug|Any CPU
		{63586ef0-f90c-4f66-beac-84e5195c2aab}.Debug|Any CPU.ActiveCfg = Debug|Any CPU
		{63586ef0-f90c-4f66-beac-84e5195c2aab}.Debug|Any CPU.Build.0 = Debug|Any CPU
		{ef6e39db-0db6-efd4-8b64-506c41f3f425}.Debug|Any CPU.ActiveCfg = Debug|Any CPU
		{ef6e39db-0db6-efd4-8b64-506c41f3f425}.Debug|Any CPU.Build.0 = Debug|Any CPU
		{7e193f00-f883-0cdf-0752-441edc085c88}.Debug|Any CPU.ActiveCfg = Debug|Any CPU
		{7e193f00-f883-0cdf-0752-441edc085c88}.Debug|Any CPU.Build.0 = Debug|Any CPU
		{552d98af-f633-80e2-ac60-413ca2b478e8}.Debug|Any CPU.ActiveCfg = Debug|Any CPU
		{552d98af-f633-80e2-ac60-413ca2b478e8}.Debug|Any CPU.Build.0 = Debug|Any CPU
		{972bfb8a-c086-2166-57c2-176a11b02d29}.Debug|Any CPU.ActiveCfg = Debug|Any CPU
		{972bfb8a-c086-2166-57c2-176a11b02d29}.Debug|Any CPU.Build.0 = Debug|Any CPU
		{3c4a483b-c065-4cfc-7e3c-2dd51e121902}.Debug|Any CPU.ActiveCfg = Debug|Any CPU
		{3c4a483b-c065-4cfc-7e3c-2dd51e121902}.Debug|Any CPU.Build.0 = Debug|Any CPU
		{c38d8a00-a47b-cc96-ea43-45ae6838f390}.Debug|Any CPU.ActiveCfg = Debug|Any CPU
		{c38d8a00-a47b-cc96-ea43-45ae6838f390}.Debug|Any CPU.Build.0 = Debug|Any CPU
		{67f152ff-5d8f-021c-ab8f-4094ee96b85e}.Debug|Any CPU.ActiveCfg = Debug|Any CPU
		{67f152ff-5d8f-021c-ab8f-4094ee96b85e}.Debug|Any CPU.Build.0 = Debug|Any CPU
		{5dcb3492-24d2-48c7-ff7d-a1de4cf47cfb}.Debug|Any CPU.ActiveCfg = Debug|Any CPU
		{5dcb3492-24d2-48c7-ff7d-a1de4cf47cfb}.Debug|Any CPU.Build.0 = Debug|Any CPU
		{42f35a57-577f-7afc-e806-3f75299d87fe}.Debug|Any CPU.ActiveCfg = Debug|Any CPU
		{42f35a57-577f-7afc-e806-3f75299d87fe}.Debug|Any CPU.Build.0 = Debug|Any CPU
		{28f0f621-acef-ea13-1560-44b7f6db94e1}.Debug|Any CPU.ActiveCfg = Debug|Any CPU
		{28f0f621-acef-ea13-1560-44b7f6db94e1}.Debug|Any CPU.Build.0 = Debug|Any CPU
		{f3451a58-8fa5-5091-c210-c9953b62a432}.Debug|Any CPU.ActiveCfg = Debug|Any CPU
		{f3451a58-8fa5-5091-c210-c9953b62a432}.Debug|Any CPU.Build.0 = Debug|Any CPU
		{28426095-d86c-1821-d880-8b2870834398}.Debug|Any CPU.ActiveCfg = Debug|Any CPU
		{28426095-d86c-1821-d880-8b2870834398}.Debug|Any CPU.Build.0 = Debug|Any CPU
		{7b565fc4-6d69-078c-ae4b-448f6c49a701}.Debug|Any CPU.ActiveCfg = Debug|Any CPU
		{7b565fc4-6d69-078c-ae4b-448f6c49a701}.Debug|Any CPU.Build.0 = Debug|Any CPU
		{06de6148-4d3e-914d-985a-2986661448be}.Debug|Any CPU.ActiveCfg = Debug|Any CPU
		{06de6148-4d3e-914d-985a-2986661448be}.Debug|Any CPU.Build.0 = Debug|Any CPU
		{e534766b-2a45-34e9-77dd-4887b4be46bf}.Debug|Any CPU.ActiveCfg = Debug|Any CPU
		{e534766b-2a45-34e9-77dd-4887b4be46bf}.Debug|Any CPU.Build.0 = Debug|Any CPU
		{017d0996-5ea3-7e6f-f22a-e787926df7a5}.Debug|Any CPU.ActiveCfg = Debug|Any CPU
		{017d0996-5ea3-7e6f-f22a-e787926df7a5}.Debug|Any CPU.Build.0 = Debug|Any CPU
	EndGlobalSection
	GlobalSection(SolutionProperties) = preSolution
		HideSolutionNode = FALSE
	EndGlobalSection
EndGlobal
